
Microsoft Visual Studio Solution File, Format Version 12.00
# Visual Studio Version 16
VisualStudioVersion = 16.0.31911.196
MinimumVisualStudioVersion = 10.0.40219.1
Project("{9A19103F-16F7-4668-BE54-9A1E7A4F7556}") = "UnitTest_Mock", "UnitTest_Mock.csproj", "{0E10FD0D-D8C8-4677-8155-E37CFDF202B5}"
EndProject
Project("{9A19103F-16F7-4668-BE54-9A1E7A4F7556}") = "UnitTesting", "..\UnitTesting\UnitTesting.csproj", "{E33D20C7-A847-43DB-93D8-7A484D2768B6}"
EndProject
Global
	GlobalSection(SolutionConfigurationPlatforms) = preSolution
		Debug|Any CPU = Debug|Any CPU
		Release|Any CPU = Release|Any CPU
	EndGlobalSection
	GlobalSection(ProjectConfigurationPlatforms) = postSolution
		{0E10FD0D-D8C8-4677-8155-E37CFDF202B5}.Debug|Any CPU.ActiveCfg = Debug|Any CPU
		{0E10FD0D-D8C8-4677-8155-E37CFDF202B5}.Debug|Any CPU.Build.0 = Debug|Any CPU
		{0E10FD0D-D8C8-4677-8155-E37CFDF202B5}.Release|Any CPU.ActiveCfg = Release|Any CPU
		{0E10FD0D-D8C8-4677-8155-E37CFDF202B5}.Release|Any CPU.Build.0 = Release|Any CPU
		{E33D20C7-A847-43DB-93D8-7A484D2768B6}.Debug|Any CPU.ActiveCfg = Debug|Any CPU
		{E33D20C7-A847-43DB-93D8-7A484D2768B6}.Debug|Any CPU.Build.0 = Debug|Any CPU
		{E33D20C7-A847-43DB-93D8-7A484D2768B6}.Release|Any CPU.ActiveCfg = Release|Any CPU
		{E33D20C7-A847-43DB-93D8-7A484D2768B6}.Release|Any CPU.Build.0 = Release|Any CPU
	EndGlobalSection
	GlobalSection(SolutionProperties) = preSolution
		HideSolutionNode = FALSE
	EndGlobalSection
	GlobalSection(ExtensibilityGlobals) = postSolution
		SolutionGuid = {BDE9A808-5596-4107-9F85-4EA7ABA80DF2}
	EndGlobalSection
EndGlobal
