
Microsoft Visual Studio Solution File, Format Version 12.00
# Visual Studio Version 16
VisualStudioVersion = 16.0.31911.196
MinimumVisualStudioVersion = 10.0.40219.1
Project("{FAE04EC0-301F-11D3-BF4B-00C04F79EFBC}") = "Kantor_WebAPI", "Kantor_WebAPI.csproj", "{318B2ED2-5068-4414-8D39-518D66E0675C}"
EndProject
Global
	GlobalSection(SolutionConfigurationPlatforms) = preSolution
		Debug|Any CPU = Debug|Any CPU
		Release|Any CPU = Release|Any CPU
	EndGlobalSection
	GlobalSection(ProjectConfigurationPlatforms) = postSolution
		{318B2ED2-5068-4414-8D39-518D66E0675C}.Debug|Any CPU.ActiveCfg = Debug|Any CPU
		{318B2ED2-5068-4414-8D39-518D66E0675C}.Debug|Any CPU.Build.0 = Debug|Any CPU
		{318B2ED2-5068-4414-8D39-518D66E0675C}.Release|Any CPU.ActiveCfg = Release|Any CPU
		{318B2ED2-5068-4414-8D39-518D66E0675C}.Release|Any CPU.Build.0 = Release|Any CPU
	EndGlobalSection
	GlobalSection(SolutionProperties) = preSolution
		HideSolutionNode = FALSE
	EndGlobalSection
	GlobalSection(ExtensibilityGlobals) = postSolution
		SolutionGuid = {1B3520FB-7696-41C6-9D25-BFC8896CAAB7}
	EndGlobalSection
EndGlobal
